<Solution>
  <Folder Name="/API-JWT/">
    <Project Path="API-JWT/RestAPI.csproj" />
  </Folder>
  <Folder Name="/EF-Complex/">
    <Project Path="EF-Complex/EF-Multiple-Tables.csproj" />
  </Folder>
  <Folder Name="/EF-Simple/">
    <Project Path="EF-Simple/EntitieFramework.csproj" />
  </Folder>
  <Folder Name="/LINQ/">
    <Project Path="LINQ/HelloCsharp.csproj" />
  </Folder>
  <Project Path="APIv1/APIv1.csproj" />
 </Solution>
